
Microsoft Visual Studio Solution File, Format Version 12.00
Project("{2150E333-8FDC-42A3-9474-1A3956D46DE8}") = "src", "src", "{9EDAF96D-D034-47E7-9FFA-76385D6599B2}"
EndProject
Project("{2150E333-8FDC-42A3-9474-1A3956D46DE8}") = "tests", "tests", "{30C5C9A1-D7C1-4B37-AA88-BFFA4FF733E4}"
EndProject
Project("{FAE04EC0-301F-11D3-BF4B-00C04F79EFBC}") = "ToDoApp.Api", "ToDoApp.Api\ToDoApp.Api.csproj", "{BE0AE911-A9BD-477E-86EB-2E2817CF06F3}"
EndProject
Project("{FAE04EC0-301F-11D3-BF4B-00C04F79EFBC}") = "ToDoApp.Application", "ToDoApp.Application\ToDoApp.Application.csproj", "{EEA862D2-8B16-41CE-912A-118AD00E9B19}"
EndProject
Project("{FAE04EC0-301F-11D3-BF4B-00C04F79EFBC}") = "ToDoApp.Domain", "ToDoApp.Domain\ToDoApp.Domain.csproj", "{39270872-C225-429C-827C-B13474CAD7FA}"
EndProject
Project("{FAE04EC0-301F-11D3-BF4B-00C04F79EFBC}") = "ToDoApp.Infrastructure", "ToDoApp.Infrastructure\ToDoApp.Infrastructure.csproj", "{BA32B1F4-9D6F-42A6-90D4-CAEACB9D3AD5}"
EndProject
Project("{FAE04EC0-301F-11D3-BF4B-00C04F79EFBC}") = "ToDoApp.Application.Tests", "ToDoApp.Application.Tests\ToDoApp.Application.Tests.csproj", "{32125547-6A17-43B4-B9F0-E68385E74AF0}"
EndProject
Project("{FAE04EC0-301F-11D3-BF4B-00C04F79EFBC}") = "ToDoApp.Api.Tests", "ToDoApp.Api.Tests\ToDoApp.Api.Tests.csproj", "{F3ECB9FE-A2B5-416A-9178-431D20C55A05}"
EndProject
Global
	GlobalSection(SolutionConfigurationPlatforms) = preSolution
		Debug|Any CPU = Debug|Any CPU
		Release|Any CPU = Release|Any CPU
	EndGlobalSection
	GlobalSection(NestedProjects) = preSolution
		{BE0AE911-A9BD-477E-86EB-2E2817CF06F3} = {9EDAF96D-D034-47E7-9FFA-76385D6599B2}
		{EEA862D2-8B16-41CE-912A-118AD00E9B19} = {9EDAF96D-D034-47E7-9FFA-76385D6599B2}
		{39270872-C225-429C-827C-B13474CAD7FA} = {9EDAF96D-D034-47E7-9FFA-76385D6599B2}
		{BA32B1F4-9D6F-42A6-90D4-CAEACB9D3AD5} = {9EDAF96D-D034-47E7-9FFA-76385D6599B2}
		{32125547-6A17-43B4-B9F0-E68385E74AF0} = {30C5C9A1-D7C1-4B37-AA88-BFFA4FF733E4}
		{F3ECB9FE-A2B5-416A-9178-431D20C55A05} = {30C5C9A1-D7C1-4B37-AA88-BFFA4FF733E4}
	EndGlobalSection
	GlobalSection(ProjectConfigurationPlatforms) = postSolution
		{BE0AE911-A9BD-477E-86EB-2E2817CF06F3}.Debug|Any CPU.ActiveCfg = Debug|Any CPU
		{BE0AE911-A9BD-477E-86EB-2E2817CF06F3}.Debug|Any CPU.Build.0 = Debug|Any CPU
		{BE0AE911-A9BD-477E-86EB-2E2817CF06F3}.Release|Any CPU.ActiveCfg = Release|Any CPU
		{BE0AE911-A9BD-477E-86EB-2E2817CF06F3}.Release|Any CPU.Build.0 = Release|Any CPU
		{EEA862D2-8B16-41CE-912A-118AD00E9B19}.Debug|Any CPU.ActiveCfg = Debug|Any CPU
		{EEA862D2-8B16-41CE-912A-118AD00E9B19}.Debug|Any CPU.Build.0 = Debug|Any CPU
		{EEA862D2-8B16-41CE-912A-118AD00E9B19}.Release|Any CPU.ActiveCfg = Release|Any CPU
		{EEA862D2-8B16-41CE-912A-118AD00E9B19}.Release|Any CPU.Build.0 = Release|Any CPU
		{39270872-C225-429C-827C-B13474CAD7FA}.Debug|Any CPU.ActiveCfg = Debug|Any CPU
		{39270872-C225-429C-827C-B13474CAD7FA}.Debug|Any CPU.Build.0 = Debug|Any CPU
		{39270872-C225-429C-827C-B13474CAD7FA}.Release|Any CPU.ActiveCfg = Release|Any CPU
		{39270872-C225-429C-827C-B13474CAD7FA}.Release|Any CPU.Build.0 = Release|Any CPU
		{BA32B1F4-9D6F-42A6-90D4-CAEACB9D3AD5}.Debug|Any CPU.ActiveCfg = Debug|Any CPU
		{BA32B1F4-9D6F-42A6-90D4-CAEACB9D3AD5}.Debug|Any CPU.Build.0 = Debug|Any CPU
		{BA32B1F4-9D6F-42A6-90D4-CAEACB9D3AD5}.Release|Any CPU.ActiveCfg = Release|Any CPU
		{BA32B1F4-9D6F-42A6-90D4-CAEACB9D3AD5}.Release|Any CPU.Build.0 = Release|Any CPU
		{32125547-6A17-43B4-B9F0-E68385E74AF0}.Debug|Any CPU.ActiveCfg = Debug|Any CPU
		{32125547-6A17-43B4-B9F0-E68385E74AF0}.Debug|Any CPU.Build.0 = Debug|Any CPU
		{32125547-6A17-43B4-B9F0-E68385E74AF0}.Release|Any CPU.ActiveCfg = Release|Any CPU
		{32125547-6A17-43B4-B9F0-E68385E74AF0}.Release|Any CPU.Build.0 = Release|Any CPU
		{F3ECB9FE-A2B5-416A-9178-431D20C55A05}.Debug|Any CPU.ActiveCfg = Debug|Any CPU
		{F3ECB9FE-A2B5-416A-9178-431D20C55A05}.Debug|Any CPU.Build.0 = Debug|Any CPU
		{F3ECB9FE-A2B5-416A-9178-431D20C55A05}.Release|Any CPU.ActiveCfg = Release|Any CPU
		{F3ECB9FE-A2B5-416A-9178-431D20C55A05}.Release|Any CPU.Build.0 = Release|Any CPU
	EndGlobalSection
EndGlobal
